// !$*UTF8*$!
{
	archiveVersion = 1;
	classes = {
	};
	objectVersion = 48;
	objects = {

/* Begin PBXBuildFile section */
		410FDA3121C3D53D007D2DAE /* AppDelegate.swift in Sources */ = {isa = PBXBuildFile; fileRef = 410FDA3021C3D53D007D2DAE /* AppDelegate.swift */; };
		410FDA3321C3D53D007D2DAE /* ViewController.swift in Sources */ = {isa = PBXBuildFile; fileRef = 410FDA3221C3D53D007D2DAE /* ViewController.swift */; };
		410FDA3621C3D53D007D2DAE /* Main.storyboard in Resources */ = {isa = PBXBuildFile; fileRef = 410FDA3421C3D53D007D2DAE /* Main.storyboard */; };
		410FDA3821C3D53E007D2DAE /* Assets.xcassets in Resources */ = {isa = PBXBuildFile; fileRef = 410FDA3721C3D53E007D2DAE /* Assets.xcassets */; };
		410FDA3B21C3D53E007D2DAE /* LaunchScreen.storyboard in Resources */ = {isa = PBXBuildFile; fileRef = 410FDA3921C3D53E007D2DAE /* LaunchScreen.storyboard */; };
		410FDA4521C3D5C2007D2DAE /* MyUIView.swift in Sources */ = {isa = PBXBuildFile; fileRef = 410FDA4421C3D5C2007D2DAE /* MyUIView.swift */; };
/* End PBXBuildFile section */

/* Begin PBXFileReference section */
		410FDA2D21C3D53D007D2DAE /* forthtask2.app */ = {isa = PBXFileReference; explicitFileType = wrapper.application; includeInIndex = 0; path = forthtask2.app; sourceTree = BUILT_PRODUCTS_DIR; };
		410FDA3021C3D53D007D2DAE /* AppDelegate.swift */ = {isa = PBXFileReference; lastKnownFileType = sourcecode.swift; path = AppDelegate.swift; sourceTree = "<group>"; };
		410FDA3221C3D53D007D2DAE /* ViewController.swift */ = {isa = PBXFileReference; lastKnownFileType = sourcecode.swift; path = ViewController.swift; sourceTree = "<group>"; };
		410FDA3521C3D53D007D2DAE /* Base */ = {isa = PBXFileReference; lastKnownFileType = file.storyboard; name = Base; path = Base.lproj/Main.storyboard; sourceTree = "<group>"; };
		410FDA3721C3D53E007D2DAE /* Assets.xcassets */ = {isa = PBXFileReference; lastKnownFileType = folder.assetcatalog; path = Assets.xcassets; sourceTree = "<group>"; };
		410FDA3A21C3D53E007D2DAE /* Base */ = {isa = PBXFileReference; lastKnownFileType = file.storyboard; name = Base; path = Base.lproj/LaunchScreen.storyboard; sourceTree = "<group>"; };
		410FDA3C21C3D53E007D2DAE /* Info.plist */ = {isa = PBXFileReference; lastKnownFileType = text.plist.xml; path = Info.plist; sourceTree = "<group>"; };
		410FDA4421C3D5C2007D2DAE /* MyUIView.swift */ = {isa = PBXFileReference; lastKnownFileType = sourcecode.swift; path = MyUIView.swift; sourceTree = "<group>"; };
/* End PBXFileReference section */

/* Begin PBXFrameworksBuildPhase section */
		410FDA2A21C3D53D007D2DAE /* Frameworks */ = {
			isa = PBXFrameworksBuildPhase;
			buildActionMask = 2147483647;
			files = (
			);
			runOnlyForDeploymentPostprocessing = 0;
		};
/* End PBXFrameworksBuildPhase section */

/* Begin PBXGroup section */
		410FDA2421C3D53C007D2DAE = {
			isa = PBXGroup;
			children = (
				410FDA4421C3D5C2007D2DAE /* MyUIView.swift */,
				410FDA2F21C3D53D007D2DAE /* forthtask2 */,
				410FDA2E21C3D53D007D2DAE /* Products */,
			);
			sourceTree = "<group>";
		};
		410FDA2E21C3D53D007D2DAE /* Products */ = {
			isa = PBXGroup;
			children = (
				410FDA2D21C3D53D007D2DAE /* forthtask2.app */,
			);
			name = Products;
			sourceTree = "<group>";
		};
		410FDA2F21C3D53D007D2DAE /* forthtask2 */ = {
			isa = PBXGroup;
			children = (
				410FDA3021C3D53D007D2DAE /* AppDelegate.swift */,
				410FDA3221C3D53D007D2DAE /* ViewController.swift */,
				410FDA3421C3D53D007D2DAE /* Main.storyboard */,
				410FDA3721C3D53E007D2DAE /* Assets.xcassets */,
				410FDA3921C3D53E007D2DAE /* LaunchScreen.storyboard */,
				410FDA3C21C3D53E007D2DAE /* Info.plist */,
			);
			path = forthtask2;
			sourceTree = "<group>";
		};
/* End PBXGroup section */

/* Begin PBXNativeTarget section */
		410FDA2C21C3D53D007D2DAE /* forthtask2 */ = {
			isa = PBXNativeTarget;
			buildConfigurationList = 410FDA3F21C3D53E007D2DAE /* Build configuration list for PBXNativeTarget "forthtask2" */;
			buildPhases = (
				410FDA2921C3D53D007D2DAE /* Sources */,
				410FDA2A21C3D53D007D2DAE /* Frameworks */,
				410FDA2B21C3D53D007D2DAE /* Resources */,
			);
			buildRules = (
			);
			dependencies = (
			);
			name = forthtask2;
			productName = forthtask2;
			productReference = 410FDA2D21C3D53D007D2DAE /* forthtask2.app */;
			productType = "com.apple.product-type.application";
		};
/* End PBXNativeTarget section */

/* Begin PBXProject section */
		410FDA2521C3D53C007D2DAE /* Project object */ = {
			isa = PBXProject;
			attributes = {
				LastSwiftUpdateCheck = 0900;
				LastUpgradeCheck = 0900;
				ORGANIZATIONNAME = wj;
				TargetAttributes = {
					410FDA2C21C3D53D007D2DAE = {
						CreatedOnToolsVersion = 9.0;
						ProvisioningStyle = Automatic;
					};
				};
			};
			buildConfigurationList = 410FDA2821C3D53C007D2DAE /* Build configuration list for PBXProject "forthtask2" */;
			compatibilityVersion = "Xcode 8.0";
			developmentRegion = en;
			hasScannedForEncodings = 0;
			knownRegions = (
				en,
				Base,
			);
			mainGroup = 410FDA2421C3D53C007D2DAE;
			productRefGroup = 410FDA2E21C3D53D007D2DAE /* Products */;
			projectDirPath = "";
			projectRoot = "";
			targets = (
				410FDA2C21C3D53D007D2DAE /* forthtask2 */,
			);
		};
/* End PBXProject section */

/* Begin PBXResourcesBuildPhase section */
		410FDA2B21C3D53D007D2DAE /* Resources */ = {
			isa = PBXResourcesBuildPhase;
			buildActionMask = 2147483647;
			files = (
				410FDA3B21C3D53E007D2DAE /* LaunchScreen.storyboard in Resources */,
				410FDA3821C3D53E007D2DAE /* Assets.xcassets in Resources */,
				410FDA3621C3D53D007D2DAE /* Main.storyboard in Resources */,
			);
			runOnlyForDeploymentPostprocessing = 0;
		};
/* End PBXResourcesBuildPhase section */

/* Begin PBXSourcesBuildPhase section */
		410FDA2921C3D53D007D2DAE /* Sources */ = {
			isa = PBXSourcesBuildPhase;
			buildActionMask = 2147483647;
			files = (
				410FDA3321C3D53D007D2DAE /* ViewController.swift in Sources */,
				410FDA3121C3D53D007D2DAE /* AppDelegate.swift in Sources */,
				410FDA4521C3D5C2007D2DAE /* MyUIView.swift in Sources */,
			);
			runOnlyForDeploymentPostprocessing = 0;
		};
/* End PBXSourcesBuildPhase section */

/* Begin PBXVariantGroup section */
		410FDA3421C3D53D007D2DAE /* Main.storyboard */ = {
			isa = PBXVariantGroup;
			children = (
				410FDA3521C3D53D007D2DAE /* Base */,
			);
			name = Main.storyboard;
			sourceTree = "<group>";
		};
		410FDA3921C3D53E007D2DAE /* LaunchScreen.storyboard */ = {
			isa = PBXVariantGroup;
			children = (
				410FDA3A21C3D53E007D2DAE /* Base */,
			);
			name = LaunchScreen.storyboard;
			sourceTree = "<group>";
		};
/* End PBXVariantGroup section */

/* Begin XCBuildConfiguration section */
		410FDA3D21C3D53E007D2DAE /* Debug */ = {
			isa = XCBuildConfiguration;
			buildSettings = {
				ALWAYS_SEARCH_USER_PATHS = NO;
				CLANG_ANALYZER_NONNULL = YES;
				CLANG_ANALYZER_NUMBER_OBJECT_CONVERSION = YES_AGGRESSIVE;
				CLANG_CXX_LANGUAGE_STANDARD = "gnu++14";
				CLANG_CXX_LIBRARY = "libc++";
				CLANG_ENABLE_MODULES = YES;
				CLANG_ENABLE_OBJC_ARC = YES;
				CLANG_WARN_BLOCK_CAPTURE_AUTORELEASING = YES;
				CLANG_WARN_BOOL_CONVERSION = YES;
				CLANG_WARN_COMMA = YES;
				CLANG_WARN_CONSTANT_CONVERSION = YES;
				CLANG_WARN_DIRECT_OBJC_ISA_USAGE = YES_ERROR;
				CLANG_WARN_DOCUMENTATION_COMMENTS = YES;
				CLANG_WARN_EMPTY_BODY = YES;
				CLANG_WARN_ENUM_CONVERSION = YES;
				CLANG_WARN_INFINITE_RECURSION = YES;
				CLANG_WARN_INT_CONVERSION = YES;
				CLANG_WARN_NON_LITERAL_NULL_CONVERSION = YES;
				CLANG_WARN_OBJC_LITERAL_CONVERSION = YES;
				CLANG_WARN_OBJC_ROOT_CLASS = YES_ERROR;
				CLANG_WARN_RANGE_LOOP_ANALYSIS = YES;
				CLANG_WARN_STRICT_PROTOTYPES = YES;
				CLANG_WARN_SUSPICIOUS_MOVE = YES;
				CLANG_WARN_UNGUARDED_AVAILABILITY = YES_AGGRESSIVE;
				CLANG_WARN_UNREACHABLE_CODE = YES;
				CLANG_WARN__DUPLICATE_METHOD_MATCH = YES;
				CODE_SIGN_IDENTITY = "iPhone Developer";
				COPY_PHASE_STRIP = NO;
				DEBUG_INFORMATION_FORMAT = dwarf;
				ENABLE_STRICT_OBJC_MSGSEND = YES;
				ENABLE_TESTABILITY = YES;
				GCC_C_LANGUAGE_STANDARD = gnu11;
				GCC_DYNAMIC_NO_PIC = NO;
				GCC_NO_COMMON_BLOCKS = YES;
				GCC_OPTIMIZATION_LEVEL = 0;
				GCC_PREPROCESSOR_DEFINITIONS = (
					"DEBUG=1",
					"$(inherited)",
				);
				GCC_WARN_64_TO_32_BIT_CONVERSION = YES;
				GCC_WARN_ABOUT_RETURN_TYPE = YES_ERROR;
				GCC_WARN_UNDECLARED_SELECTOR = YES;
				GCC_WARN_UNINITIALIZED_AUTOS = YES_AGGRESSIVE;
				GCC_WARN_UNUSED_FUNCTION = YES;
				GCC_WARN_UNUSED_VARIABLE = YES;
				IPHONEOS_DEPLOYMENT_TARGET = 11.0;
				MTL_ENABLE_DEBUG_INFO = YES;
				ONLY_ACTIVE_ARCH = YES;
				SDKROOT = iphoneos;
				SWIFT_ACTIVE_COMPILATION_CONDITIONS = DEBUG;
				SWIFT_OPTIMIZATION_LEVEL = "-Onone";
			};
			name = Debug;
		};
		410FDA3E21C3D53E007D2DAE /* Release */ = {
			isa = XCBuildConfiguration;
			buildSettings = {
				ALWAYS_SEARCH_USER_PATHS = NO;
				CLANG_ANALYZER_NONNULL = YES;
				CLANG_ANALYZER_NUMBER_OBJECT_CONVERSION = YES_AGGRESSIVE;
				CLANG_CXX_LANGUAGE_STANDARD = "gnu++14";
				CLANG_CXX_LIBRARY = "libc++";
				CLANG_ENABLE_MODULES = YES;
				CLANG_ENABLE_OBJC_ARC = YES;
				CLANG_WARN_BLOCK_CAPTURE_AUTORELEASING = YES;
				CLANG_WARN_BOOL_CONVERSION = YES;
				CLANG_WARN_COMMA = YES;
				CLANG_WARN_CONSTANT_CONVERSION = YES;
				CLANG_WARN_DIRECT_OBJC_ISA_USAGE = YES_ERROR;
				CLANG_WARN_DOCUMENTATION_COMMENTS = YES;
				CLANG_WARN_EMPTY_BODY = YES;
				CLANG_WARN_ENUM_CONVERSION = YES;
				CLANG_WARN_INFINITE_RECURSION = YES;
				CLANG_WARN_INT_CONVERSION = YES;
				CLANG_WARN_NON_LITERAL_NULL_CONVERSION = YES;
				CLANG_WARN_OBJC_LITERAL_CONVERSION = YES;
				CLANG_WARN_OBJC_ROOT_CLASS = YES_ERROR;
				CLANG_WARN_RANGE_LOOP_ANALYSIS = YES;
				CLANG_WARN_STRICT_PROTOTYPES = YES;
				CLANG_WARN_SUSPICIOUS_MOVE = YES;
				CLANG_WARN_UNGUARDED_AVAILABILITY = YES_AGGRESSIVE;
				CLANG_WARN_UNREACHABLE_CODE = YES;
				CLANG_WARN__DUPLICATE_METHOD_MATCH = YES;
				CODE_SIGN_IDENTITY = "iPhone Developer";
				COPY_PHASE_STRIP = NO;
				DEBUG_INFORMATION_FORMAT = "dwarf-with-dsym";
				ENABLE_NS_ASSERTIONS = NO;
				ENABLE_STRICT_OBJC_MSGSEND = YES;
				GCC_C_LANGUAGE_STANDARD = gnu11;
				GCC_NO_COMMON_BLOCKS = YES;
				GCC_WARN_64_TO_32_BIT_CONVERSION = YES;
				GCC_WARN_ABOUT_RETURN_TYPE = YES_ERROR;
				GCC_WARN_UNDECLARED_SELECTOR = YES;
				GCC_WARN_UNINITIALIZED_AUTOS = YES_AGGRESSIVE;
				GCC_WARN_UNUSED_FUNCTION = YES;
				GCC_WARN_UNUSED_VARIABLE = YES;
				IPHONEOS_DEPLOYMENT_TARGET = 11.0;
				MTL_ENABLE_DEBUG_INFO = NO;
				SDKROOT = iphoneos;
				SWIFT_OPTIMIZATION_LEVEL = "-Owholemodule";
				VALIDATE_PRODUCT = YES;
			};
			name = Release;
		};
		410FDA4021C3D53E007D2DAE /* Debug */ = {
			isa = XCBuildConfiguration;
			buildSettings = {
				ASSETCATALOG_COMPILER_APPICON_NAME = AppIcon;
				CODE_SIGN_STYLE = Automatic;
				INFOPLIST_FILE = forthtask2/Info.plist;
				LD_RUNPATH_SEARCH_PATHS = "$(inherited) @executable_path/Frameworks";
				PRODUCT_BUNDLE_IDENTIFIER = "-016110337.forthtask2";
				PRODUCT_NAME = "$(TARGET_NAME)";
				SWIFT_VERSION = 4.0;
				TARGETED_DEVICE_FAMILY = "1,2";
			};
			name = Debug;
		};
		410FDA4121C3D53E007D2DAE /* Release */ = {
			isa = XCBuildConfiguration;
			buildSettings = {
				ASSETCATALOG_COMPILER_APPICON_NAME = AppIcon;
				CODE_SIGN_STYLE = Automatic;
				INFOPLIST_FILE = forthtask2/Info.plist;
				LD_RUNPATH_SEARCH_PATHS = "$(inherited) @executable_path/Frameworks";
				PRODUCT_BUNDLE_IDENTIFIER = "-016110337.forthtask2";
				PRODUCT_NAME = "$(TARGET_NAME)";
				SWIFT_VERSION = 4.0;
				TARGETED_DEVICE_FAMILY = "1,2";
			};
			name = Release;
		};
/* End XCBuildConfiguration section */

/* Begin XCConfigurationList section */
		410FDA2821C3D53C007D2DAE /* Build configuration list for PBXProject "forthtask2" */ = {
			isa = XCConfigurationList;
			buildConfigurations = (
				410FDA3D21C3D53E007D2DAE /* Debug */,
				410FDA3E21C3D53E007D2DAE /* Release */,
			);
			defaultConfigurationIsVisible = 0;
			defaultConfigurationName = Release;
		};
		410FDA3F21C3D53E007D2DAE /* Build configuration list for PBXNativeTarget "forthtask2" */ = {
			isa = XCConfigurationList;
			buildConfigurations = (
				410FDA4021C3D53E007D2DAE /* Debug */,
				410FDA4121C3D53E007D2DAE /* Release */,
			);
			defaultConfigurationIsVisible = 0;
			defaultConfigurationName = Release;
		};
/* End XCConfigurationList section */
	};
	rootObject = 410FDA2521C3D53C007D2DAE /* Project object */;
}
