// !$*UTF8*$!
{
	archiveVersion = 1;
	classes = {
	};
	objectVersion = 48;
	objects = {

/* Begin PBXBuildFile section */
		4153E7FC21A9498400312E49 /* AppDelegate.swift in Sources */ = {isa = PBXBuildFile; fileRef = 4153E7FB21A9498400312E49 /* AppDelegate.swift */; };
		4153E7FE21A9498400312E49 /* ViewController.swift in Sources */ = {isa = PBXBuildFile; fileRef = 4153E7FD21A9498400312E49 /* ViewController.swift */; };
		4153E80121A9498400312E49 /* Main.storyboard in Resources */ = {isa = PBXBuildFile; fileRef = 4153E7FF21A9498400312E49 /* Main.storyboard */; };
		4153E80321A9498400312E49 /* Assets.xcassets in Resources */ = {isa = PBXBuildFile; fileRef = 4153E80221A9498400312E49 /* Assets.xcassets */; };
		4153E80621A9498400312E49 /* LaunchScreen.storyboard in Resources */ = {isa = PBXBuildFile; fileRef = 4153E80421A9498400312E49 /* LaunchScreen.storyboard */; };
		4153E81121A9498400312E49 /* AltertControllerTests.swift in Sources */ = {isa = PBXBuildFile; fileRef = 4153E81021A9498400312E49 /* AltertControllerTests.swift */; };
		4153E81C21A9498400312E49 /* AltertControllerUITests.swift in Sources */ = {isa = PBXBuildFile; fileRef = 4153E81B21A9498400312E49 /* AltertControllerUITests.swift */; };
/* End PBXBuildFile section */

/* Begin PBXContainerItemProxy section */
		4153E80D21A9498400312E49 /* PBXContainerItemProxy */ = {
			isa = PBXContainerItemProxy;
			containerPortal = 4153E7F021A9498400312E49 /* Project object */;
			proxyType = 1;
			remoteGlobalIDString = 4153E7F721A9498400312E49;
			remoteInfo = AltertController;
		};
		4153E81821A9498400312E49 /* PBXContainerItemProxy */ = {
			isa = PBXContainerItemProxy;
			containerPortal = 4153E7F021A9498400312E49 /* Project object */;
			proxyType = 1;
			remoteGlobalIDString = 4153E7F721A9498400312E49;
			remoteInfo = AltertController;
		};
/* End PBXContainerItemProxy section */

/* Begin PBXFileReference section */
		4153E7F821A9498400312E49 /* AltertController.app */ = {isa = PBXFileReference; explicitFileType = wrapper.application; includeInIndex = 0; path = AltertController.app; sourceTree = BUILT_PRODUCTS_DIR; };
		4153E7FB21A9498400312E49 /* AppDelegate.swift */ = {isa = PBXFileReference; lastKnownFileType = sourcecode.swift; path = AppDelegate.swift; sourceTree = "<group>"; };
		4153E7FD21A9498400312E49 /* ViewController.swift */ = {isa = PBXFileReference; lastKnownFileType = sourcecode.swift; path = ViewController.swift; sourceTree = "<group>"; };
		4153E80021A9498400312E49 /* Base */ = {isa = PBXFileReference; lastKnownFileType = file.storyboard; name = Base; path = Base.lproj/Main.storyboard; sourceTree = "<group>"; };
		4153E80221A9498400312E49 /* Assets.xcassets */ = {isa = PBXFileReference; lastKnownFileType = folder.assetcatalog; path = Assets.xcassets; sourceTree = "<group>"; };
		4153E80521A9498400312E49 /* Base */ = {isa = PBXFileReference; lastKnownFileType = file.storyboard; name = Base; path = Base.lproj/LaunchScreen.storyboard; sourceTree = "<group>"; };
		4153E80721A9498400312E49 /* Info.plist */ = {isa = PBXFileReference; lastKnownFileType = text.plist.xml; path = Info.plist; sourceTree = "<group>"; };
		4153E80C21A9498400312E49 /* AltertControllerTests.xctest */ = {isa = PBXFileReference; explicitFileType = wrapper.cfbundle; includeInIndex = 0; path = AltertControllerTests.xctest; sourceTree = BUILT_PRODUCTS_DIR; };
		4153E81021A9498400312E49 /* AltertControllerTests.swift */ = {isa = PBXFileReference; lastKnownFileType = sourcecode.swift; path = AltertControllerTests.swift; sourceTree = "<group>"; };
		4153E81221A9498400312E49 /* Info.plist */ = {isa = PBXFileReference; lastKnownFileType = text.plist.xml; path = Info.plist; sourceTree = "<group>"; };
		4153E81721A9498400312E49 /* AltertControllerUITests.xctest */ = {isa = PBXFileReference; explicitFileType = wrapper.cfbundle; includeInIndex = 0; path = AltertControllerUITests.xctest; sourceTree = BUILT_PRODUCTS_DIR; };
		4153E81B21A9498400312E49 /* AltertControllerUITests.swift */ = {isa = PBXFileReference; lastKnownFileType = sourcecode.swift; path = AltertControllerUITests.swift; sourceTree = "<group>"; };
		4153E81D21A9498400312E49 /* Info.plist */ = {isa = PBXFileReference; lastKnownFileType = text.plist.xml; path = Info.plist; sourceTree = "<group>"; };
/* End PBXFileReference section */

/* Begin PBXFrameworksBuildPhase section */
		4153E7F521A9498400312E49 /* Frameworks */ = {
			isa = PBXFrameworksBuildPhase;
			buildActionMask = 2147483647;
			files = (
			);
			runOnlyForDeploymentPostprocessing = 0;
		};
		4153E80921A9498400312E49 /* Frameworks */ = {
			isa = PBXFrameworksBuildPhase;
			buildActionMask = 2147483647;
			files = (
			);
			runOnlyForDeploymentPostprocessing = 0;
		};
		4153E81421A9498400312E49 /* Frameworks */ = {
			isa = PBXFrameworksBuildPhase;
			buildActionMask = 2147483647;
			files = (
			);
			runOnlyForDeploymentPostprocessing = 0;
		};
/* End PBXFrameworksBuildPhase section */

/* Begin PBXGroup section */
		4153E7EF21A9498400312E49 = {
			isa = PBXGroup;
			children = (
				4153E7FA21A9498400312E49 /* AltertController */,
				4153E80F21A9498400312E49 /* AltertControllerTests */,
				4153E81A21A9498400312E49 /* AltertControllerUITests */,
				4153E7F921A9498400312E49 /* Products */,
			);
			sourceTree = "<group>";
		};
		4153E7F921A9498400312E49 /* Products */ = {
			isa = PBXGroup;
			children = (
				4153E7F821A9498400312E49 /* AltertController.app */,
				4153E80C21A9498400312E49 /* AltertControllerTests.xctest */,
				4153E81721A9498400312E49 /* AltertControllerUITests.xctest */,
			);
			name = Products;
			sourceTree = "<group>";
		};
		4153E7FA21A9498400312E49 /* AltertController */ = {
			isa = PBXGroup;
			children = (
				4153E7FB21A9498400312E49 /* AppDelegate.swift */,
				4153E7FD21A9498400312E49 /* ViewController.swift */,
				4153E7FF21A9498400312E49 /* Main.storyboard */,
				4153E80221A9498400312E49 /* Assets.xcassets */,
				4153E80421A9498400312E49 /* LaunchScreen.storyboard */,
				4153E80721A9498400312E49 /* Info.plist */,
			);
			path = AltertController;
			sourceTree = "<group>";
		};
		4153E80F21A9498400312E49 /* AltertControllerTests */ = {
			isa = PBXGroup;
			children = (
				4153E81021A9498400312E49 /* AltertControllerTests.swift */,
				4153E81221A9498400312E49 /* Info.plist */,
			);
			path = AltertControllerTests;
			sourceTree = "<group>";
		};
		4153E81A21A9498400312E49 /* AltertControllerUITests */ = {
			isa = PBXGroup;
			children = (
				4153E81B21A9498400312E49 /* AltertControllerUITests.swift */,
				4153E81D21A9498400312E49 /* Info.plist */,
			);
			path = AltertControllerUITests;
			sourceTree = "<group>";
		};
/* End PBXGroup section */

/* Begin PBXNativeTarget section */
		4153E7F721A9498400312E49 /* AltertController */ = {
			isa = PBXNativeTarget;
			buildConfigurationList = 4153E82021A9498400312E49 /* Build configuration list for PBXNativeTarget "AltertController" */;
			buildPhases = (
				4153E7F421A9498400312E49 /* Sources */,
				4153E7F521A9498400312E49 /* Frameworks */,
				4153E7F621A9498400312E49 /* Resources */,
			);
			buildRules = (
			);
			dependencies = (
			);
			name = AltertController;
			productName = AltertController;
			productReference = 4153E7F821A9498400312E49 /* AltertController.app */;
			productType = "com.apple.product-type.application";
		};
		4153E80B21A9498400312E49 /* AltertControllerTests */ = {
			isa = PBXNativeTarget;
			buildConfigurationList = 4153E82321A9498400312E49 /* Build configuration list for PBXNativeTarget "AltertControllerTests" */;
			buildPhases = (
				4153E80821A9498400312E49 /* Sources */,
				4153E80921A9498400312E49 /* Frameworks */,
				4153E80A21A9498400312E49 /* Resources */,
			);
			buildRules = (
			);
			dependencies = (
				4153E80E21A9498400312E49 /* PBXTargetDependency */,
			);
			name = AltertControllerTests;
			productName = AltertControllerTests;
			productReference = 4153E80C21A9498400312E49 /* AltertControllerTests.xctest */;
			productType = "com.apple.product-type.bundle.unit-test";
		};
		4153E81621A9498400312E49 /* AltertControllerUITests */ = {
			isa = PBXNativeTarget;
			buildConfigurationList = 4153E82621A9498400312E49 /* Build configuration list for PBXNativeTarget "AltertControllerUITests" */;
			buildPhases = (
				4153E81321A9498400312E49 /* Sources */,
				4153E81421A9498400312E49 /* Frameworks */,
				4153E81521A9498400312E49 /* Resources */,
			);
			buildRules = (
			);
			dependencies = (
				4153E81921A9498400312E49 /* PBXTargetDependency */,
			);
			name = AltertControllerUITests;
			productName = AltertControllerUITests;
			productReference = 4153E81721A9498400312E49 /* AltertControllerUITests.xctest */;
			productType = "com.apple.product-type.bundle.ui-testing";
		};
/* End PBXNativeTarget section */

/* Begin PBXProject section */
		4153E7F021A9498400312E49 /* Project object */ = {
			isa = PBXProject;
			attributes = {
				LastSwiftUpdateCheck = 0900;
				LastUpgradeCheck = 0900;
				ORGANIZATIONNAME = Marryjia;
				TargetAttributes = {
					4153E7F721A9498400312E49 = {
						CreatedOnToolsVersion = 9.0;
						ProvisioningStyle = Automatic;
					};
					4153E80B21A9498400312E49 = {
						CreatedOnToolsVersion = 9.0;
						ProvisioningStyle = Automatic;
						TestTargetID = 4153E7F721A9498400312E49;
					};
					4153E81621A9498400312E49 = {
						CreatedOnToolsVersion = 9.0;
						ProvisioningStyle = Automatic;
						TestTargetID = 4153E7F721A9498400312E49;
					};
				};
			};
			buildConfigurationList = 4153E7F321A9498400312E49 /* Build configuration list for PBXProject "AltertController" */;
			compatibilityVersion = "Xcode 8.0";
			developmentRegion = en;
			hasScannedForEncodings = 0;
			knownRegions = (
				en,
				Base,
			);
			mainGroup = 4153E7EF21A9498400312E49;
			productRefGroup = 4153E7F921A9498400312E49 /* Products */;
			projectDirPath = "";
			projectRoot = "";
			targets = (
				4153E7F721A9498400312E49 /* AltertController */,
				4153E80B21A9498400312E49 /* AltertControllerTests */,
				4153E81621A9498400312E49 /* AltertControllerUITests */,
			);
		};
/* End PBXProject section */

/* Begin PBXResourcesBuildPhase section */
		4153E7F621A9498400312E49 /* Resources */ = {
			isa = PBXResourcesBuildPhase;
			buildActionMask = 2147483647;
			files = (
				4153E80621A9498400312E49 /* LaunchScreen.storyboard in Resources */,
				4153E80321A9498400312E49 /* Assets.xcassets in Resources */,
				4153E80121A9498400312E49 /* Main.storyboard in Resources */,
			);
			runOnlyForDeploymentPostprocessing = 0;
		};
		4153E80A21A9498400312E49 /* Resources */ = {
			isa = PBXResourcesBuildPhase;
			buildActionMask = 2147483647;
			files = (
			);
			runOnlyForDeploymentPostprocessing = 0;
		};
		4153E81521A9498400312E49 /* Resources */ = {
			isa = PBXResourcesBuildPhase;
			buildActionMask = 2147483647;
			files = (
			);
			runOnlyForDeploymentPostprocessing = 0;
		};
/* End PBXResourcesBuildPhase section */

/* Begin PBXSourcesBuildPhase section */
		4153E7F421A9498400312E49 /* Sources */ = {
			isa = PBXSourcesBuildPhase;
			buildActionMask = 2147483647;
			files = (
				4153E7FE21A9498400312E49 /* ViewController.swift in Sources */,
				4153E7FC21A9498400312E49 /* AppDelegate.swift in Sources */,
			);
			runOnlyForDeploymentPostprocessing = 0;
		};
		4153E80821A9498400312E49 /* Sources */ = {
			isa = PBXSourcesBuildPhase;
			buildActionMask = 2147483647;
			files = (
				4153E81121A9498400312E49 /* AltertControllerTests.swift in Sources */,
			);
			runOnlyForDeploymentPostprocessing = 0;
		};
		4153E81321A9498400312E49 /* Sources */ = {
			isa = PBXSourcesBuildPhase;
			buildActionMask = 2147483647;
			files = (
				4153E81C21A9498400312E49 /* AltertControllerUITests.swift in Sources */,
			);
			runOnlyForDeploymentPostprocessing = 0;
		};
/* End PBXSourcesBuildPhase section */

/* Begin PBXTargetDependency section */
		4153E80E21A9498400312E49 /* PBXTargetDependency */ = {
			isa = PBXTargetDependency;
			target = 4153E7F721A9498400312E49 /* AltertController */;
			targetProxy = 4153E80D21A9498400312E49 /* PBXContainerItemProxy */;
		};
		4153E81921A9498400312E49 /* PBXTargetDependency */ = {
			isa = PBXTargetDependency;
			target = 4153E7F721A9498400312E49 /* AltertController */;
			targetProxy = 4153E81821A9498400312E49 /* PBXContainerItemProxy */;
		};
/* End PBXTargetDependency section */

/* Begin PBXVariantGroup section */
		4153E7FF21A9498400312E49 /* Main.storyboard */ = {
			isa = PBXVariantGroup;
			children = (
				4153E80021A9498400312E49 /* Base */,
			);
			name = Main.storyboard;
			sourceTree = "<group>";
		};
		4153E80421A9498400312E49 /* LaunchScreen.storyboard */ = {
			isa = PBXVariantGroup;
			children = (
				4153E80521A9498400312E49 /* Base */,
			);
			name = LaunchScreen.storyboard;
			sourceTree = "<group>";
		};
/* End PBXVariantGroup section */

/* Begin XCBuildConfiguration section */
		4153E81E21A9498400312E49 /* Debug */ = {
			isa = XCBuildConfiguration;
			buildSettings = {
				ALWAYS_SEARCH_USER_PATHS = NO;
				CLANG_ANALYZER_NONNULL = YES;
				CLANG_ANALYZER_NUMBER_OBJECT_CONVERSION = YES_AGGRESSIVE;
				CLANG_CXX_LANGUAGE_STANDARD = "gnu++14";
				CLANG_CXX_LIBRARY = "libc++";
				CLANG_ENABLE_MODULES = YES;
				CLANG_ENABLE_OBJC_ARC = YES;
				CLANG_WARN_BLOCK_CAPTURE_AUTORELEASING = YES;
				CLANG_WARN_BOOL_CONVERSION = YES;
				CLANG_WARN_COMMA = YES;
				CLANG_WARN_CONSTANT_CONVERSION = YES;
				CLANG_WARN_DIRECT_OBJC_ISA_USAGE = YES_ERROR;
				CLANG_WARN_DOCUMENTATION_COMMENTS = YES;
				CLANG_WARN_EMPTY_BODY = YES;
				CLANG_WARN_ENUM_CONVERSION = YES;
				CLANG_WARN_INFINITE_RECURSION = YES;
				CLANG_WARN_INT_CONVERSION = YES;
				CLANG_WARN_NON_LITERAL_NULL_CONVERSION = YES;
				CLANG_WARN_OBJC_LITERAL_CONVERSION = YES;
				CLANG_WARN_OBJC_ROOT_CLASS = YES_ERROR;
				CLANG_WARN_RANGE_LOOP_ANALYSIS = YES;
				CLANG_WARN_STRICT_PROTOTYPES = YES;
				CLANG_WARN_SUSPICIOUS_MOVE = YES;
				CLANG_WARN_UNGUARDED_AVAILABILITY = YES_AGGRESSIVE;
				CLANG_WARN_UNREACHABLE_CODE = YES;
				CLANG_WARN__DUPLICATE_METHOD_MATCH = YES;
				CODE_SIGN_IDENTITY = "iPhone Developer";
				COPY_PHASE_STRIP = NO;
				DEBUG_INFORMATION_FORMAT = dwarf;
				ENABLE_STRICT_OBJC_MSGSEND = YES;
				ENABLE_TESTABILITY = YES;
				GCC_C_LANGUAGE_STANDARD = gnu11;
				GCC_DYNAMIC_NO_PIC = NO;
				GCC_NO_COMMON_BLOCKS = YES;
				GCC_OPTIMIZATION_LEVEL = 0;
				GCC_PREPROCESSOR_DEFINITIONS = (
					"DEBUG=1",
					"$(inherited)",
				);
				GCC_WARN_64_TO_32_BIT_CONVERSION = YES;
				GCC_WARN_ABOUT_RETURN_TYPE = YES_ERROR;
				GCC_WARN_UNDECLARED_SELECTOR = YES;
				GCC_WARN_UNINITIALIZED_AUTOS = YES_AGGRESSIVE;
				GCC_WARN_UNUSED_FUNCTION = YES;
				GCC_WARN_UNUSED_VARIABLE = YES;
				IPHONEOS_DEPLOYMENT_TARGET = 11.0;
				MTL_ENABLE_DEBUG_INFO = YES;
				ONLY_ACTIVE_ARCH = YES;
				SDKROOT = iphoneos;
				SWIFT_ACTIVE_COMPILATION_CONDITIONS = DEBUG;
				SWIFT_OPTIMIZATION_LEVEL = "-Onone";
			};
			name = Debug;
		};
		4153E81F21A9498400312E49 /* Release */ = {
			isa = XCBuildConfiguration;
			buildSettings = {
				ALWAYS_SEARCH_USER_PATHS = NO;
				CLANG_ANALYZER_NONNULL = YES;
				CLANG_ANALYZER_NUMBER_OBJECT_CONVERSION = YES_AGGRESSIVE;
				CLANG_CXX_LANGUAGE_STANDARD = "gnu++14";
				CLANG_CXX_LIBRARY = "libc++";
				CLANG_ENABLE_MODULES = YES;
				CLANG_ENABLE_OBJC_ARC = YES;
				CLANG_WARN_BLOCK_CAPTURE_AUTORELEASING = YES;
				CLANG_WARN_BOOL_CONVERSION = YES;
				CLANG_WARN_COMMA = YES;
				CLANG_WARN_CONSTANT_CONVERSION = YES;
				CLANG_WARN_DIRECT_OBJC_ISA_USAGE = YES_ERROR;
				CLANG_WARN_DOCUMENTATION_COMMENTS = YES;
				CLANG_WARN_EMPTY_BODY = YES;
				CLANG_WARN_ENUM_CONVERSION = YES;
				CLANG_WARN_INFINITE_RECURSION = YES;
				CLANG_WARN_INT_CONVERSION = YES;
				CLANG_WARN_NON_LITERAL_NULL_CONVERSION = YES;
				CLANG_WARN_OBJC_LITERAL_CONVERSION = YES;
				CLANG_WARN_OBJC_ROOT_CLASS = YES_ERROR;
				CLANG_WARN_RANGE_LOOP_ANALYSIS = YES;
				CLANG_WARN_STRICT_PROTOTYPES = YES;
				CLANG_WARN_SUSPICIOUS_MOVE = YES;
				CLANG_WARN_UNGUARDED_AVAILABILITY = YES_AGGRESSIVE;
				CLANG_WARN_UNREACHABLE_CODE = YES;
				CLANG_WARN__DUPLICATE_METHOD_MATCH = YES;
				CODE_SIGN_IDENTITY = "iPhone Developer";
				COPY_PHASE_STRIP = NO;
				DEBUG_INFORMATION_FORMAT = "dwarf-with-dsym";
				ENABLE_NS_ASSERTIONS = NO;
				ENABLE_STRICT_OBJC_MSGSEND = YES;
				GCC_C_LANGUAGE_STANDARD = gnu11;
				GCC_NO_COMMON_BLOCKS = YES;
				GCC_WARN_64_TO_32_BIT_CONVERSION = YES;
				GCC_WARN_ABOUT_RETURN_TYPE = YES_ERROR;
				GCC_WARN_UNDECLARED_SELECTOR = YES;
				GCC_WARN_UNINITIALIZED_AUTOS = YES_AGGRESSIVE;
				GCC_WARN_UNUSED_FUNCTION = YES;
				GCC_WARN_UNUSED_VARIABLE = YES;
				IPHONEOS_DEPLOYMENT_TARGET = 11.0;
				MTL_ENABLE_DEBUG_INFO = NO;
				SDKROOT = iphoneos;
				SWIFT_OPTIMIZATION_LEVEL = "-Owholemodule";
				VALIDATE_PRODUCT = YES;
			};
			name = Release;
		};
		4153E82121A9498400312E49 /* Debug */ = {
			isa = XCBuildConfiguration;
			buildSettings = {
				ASSETCATALOG_COMPILER_APPICON_NAME = AppIcon;
				CODE_SIGN_STYLE = Automatic;
				INFOPLIST_FILE = AltertController/Info.plist;
				LD_RUNPATH_SEARCH_PATHS = "$(inherited) @executable_path/Frameworks";
				PRODUCT_BUNDLE_IDENTIFIER = "-23.AltertController";
				PRODUCT_NAME = "$(TARGET_NAME)";
				SWIFT_VERSION = 4.0;
				TARGETED_DEVICE_FAMILY = "1,2";
			};
			name = Debug;
		};
		4153E82221A9498400312E49 /* Release */ = {
			isa = XCBuildConfiguration;
			buildSettings = {
				ASSETCATALOG_COMPILER_APPICON_NAME = AppIcon;
				CODE_SIGN_STYLE = Automatic;
				INFOPLIST_FILE = AltertController/Info.plist;
				LD_RUNPATH_SEARCH_PATHS = "$(inherited) @executable_path/Frameworks";
				PRODUCT_BUNDLE_IDENTIFIER = "-23.AltertController";
				PRODUCT_NAME = "$(TARGET_NAME)";
				SWIFT_VERSION = 4.0;
				TARGETED_DEVICE_FAMILY = "1,2";
			};
			name = Release;
		};
		4153E82421A9498400312E49 /* Debug */ = {
			isa = XCBuildConfiguration;
			buildSettings = {
				ALWAYS_EMBED_SWIFT_STANDARD_LIBRARIES = YES;
				BUNDLE_LOADER = "$(TEST_HOST)";
				CODE_SIGN_STYLE = Automatic;
				INFOPLIST_FILE = AltertControllerTests/Info.plist;
				LD_RUNPATH_SEARCH_PATHS = "$(inherited) @executable_path/Frameworks @loader_path/Frameworks";
				PRODUCT_BUNDLE_IDENTIFIER = "-23.AltertControllerTests";
				PRODUCT_NAME = "$(TARGET_NAME)";
				SWIFT_VERSION = 4.0;
				TARGETED_DEVICE_FAMILY = "1,2";
				TEST_HOST = "$(BUILT_PRODUCTS_DIR)/AltertController.app/AltertController";
			};
			name = Debug;
		};
		4153E82521A9498400312E49 /* Release */ = {
			isa = XCBuildConfiguration;
			buildSettings = {
				ALWAYS_EMBED_SWIFT_STANDARD_LIBRARIES = YES;
				BUNDLE_LOADER = "$(TEST_HOST)";
				CODE_SIGN_STYLE = Automatic;
				INFOPLIST_FILE = AltertControllerTests/Info.plist;
				LD_RUNPATH_SEARCH_PATHS = "$(inherited) @executable_path/Frameworks @loader_path/Frameworks";
				PRODUCT_BUNDLE_IDENTIFIER = "-23.AltertControllerTests";
				PRODUCT_NAME = "$(TARGET_NAME)";
				SWIFT_VERSION = 4.0;
				TARGETED_DEVICE_FAMILY = "1,2";
				TEST_HOST = "$(BUILT_PRODUCTS_DIR)/AltertController.app/AltertController";
			};
			name = Release;
		};
		4153E82721A9498400312E49 /* Debug */ = {
			isa = XCBuildConfiguration;
			buildSettings = {
				ALWAYS_EMBED_SWIFT_STANDARD_LIBRARIES = YES;
				CODE_SIGN_STYLE = Automatic;
				INFOPLIST_FILE = AltertControllerUITests/Info.plist;
				LD_RUNPATH_SEARCH_PATHS = "$(inherited) @executable_path/Frameworks @loader_path/Frameworks";
				PRODUCT_BUNDLE_IDENTIFIER = "-23.AltertControllerUITests";
				PRODUCT_NAME = "$(TARGET_NAME)";
				SWIFT_VERSION = 4.0;
				TARGETED_DEVICE_FAMILY = "1,2";
				TEST_TARGET_NAME = AltertController;
			};
			name = Debug;
		};
		4153E82821A9498400312E49 /* Release */ = {
			isa = XCBuildConfiguration;
			buildSettings = {
				ALWAYS_EMBED_SWIFT_STANDARD_LIBRARIES = YES;
				CODE_SIGN_STYLE = Automatic;
				INFOPLIST_FILE = AltertControllerUITests/Info.plist;
				LD_RUNPATH_SEARCH_PATHS = "$(inherited) @executable_path/Frameworks @loader_path/Frameworks";
				PRODUCT_BUNDLE_IDENTIFIER = "-23.AltertControllerUITests";
				PRODUCT_NAME = "$(TARGET_NAME)";
				SWIFT_VERSION = 4.0;
				TARGETED_DEVICE_FAMILY = "1,2";
				TEST_TARGET_NAME = AltertController;
			};
			name = Release;
		};
/* End XCBuildConfiguration section */

/* Begin XCConfigurationList section */
		4153E7F321A9498400312E49 /* Build configuration list for PBXProject "AltertController" */ = {
			isa = XCConfigurationList;
			buildConfigurations = (
				4153E81E21A9498400312E49 /* Debug */,
				4153E81F21A9498400312E49 /* Release */,
			);
			defaultConfigurationIsVisible = 0;
			defaultConfigurationName = Release;
		};
		4153E82021A9498400312E49 /* Build configuration list for PBXNativeTarget "AltertController" */ = {
			isa = XCConfigurationList;
			buildConfigurations = (
				4153E82121A9498400312E49 /* Debug */,
				4153E82221A9498400312E49 /* Release */,
			);
			defaultConfigurationIsVisible = 0;
			defaultConfigurationName = Release;
		};
		4153E82321A9498400312E49 /* Build configuration list for PBXNativeTarget "AltertControllerTests" */ = {
			isa = XCConfigurationList;
			buildConfigurations = (
				4153E82421A9498400312E49 /* Debug */,
				4153E82521A9498400312E49 /* Release */,
			);
			defaultConfigurationIsVisible = 0;
			defaultConfigurationName = Release;
		};
		4153E82621A9498400312E49 /* Build configuration list for PBXNativeTarget "AltertControllerUITests" */ = {
			isa = XCConfigurationList;
			buildConfigurations = (
				4153E82721A9498400312E49 /* Debug */,
				4153E82821A9498400312E49 /* Release */,
			);
			defaultConfigurationIsVisible = 0;
			defaultConfigurationName = Release;
		};
/* End XCConfigurationList section */
	};
	rootObject = 4153E7F021A9498400312E49 /* Project object */;
}
