// !$*UTF8*$!
{
	archiveVersion = 1;
	classes = {
	};
	objectVersion = 50;
	objects = {

/* Begin PBXBuildFile section */
		3FC1BD9821C5302B0001441B /* AppDelegate.swift in Sources */ = {isa = PBXBuildFile; fileRef = 3FC1BD9721C5302B0001441B /* AppDelegate.swift */; };
		3FC1BD9A21C5302B0001441B /* ViewController.swift in Sources */ = {isa = PBXBuildFile; fileRef = 3FC1BD9921C5302B0001441B /* ViewController.swift */; };
		3FC1BD9F21C5302C0001441B /* Assets.xcassets in Resources */ = {isa = PBXBuildFile; fileRef = 3FC1BD9E21C5302C0001441B /* Assets.xcassets */; };
		3FC1BDA221C5302C0001441B /* LaunchScreen.storyboard in Resources */ = {isa = PBXBuildFile; fileRef = 3FC1BDA021C5302C0001441B /* LaunchScreen.storyboard */; };
		3FC1BDAB21C533FC0001441B /* Main.storyboard in Resources */ = {isa = PBXBuildFile; fileRef = 3FC1BDA921C533FC0001441B /* Main.storyboard */; };
/* End PBXBuildFile section */

/* Begin PBXFileReference section */
		3FC1BD9421C5302B0001441B /* task6-2.app */ = {isa = PBXFileReference; explicitFileType = wrapper.application; includeInIndex = 0; path = "task6-2.app"; sourceTree = BUILT_PRODUCTS_DIR; };
		3FC1BD9721C5302B0001441B /* AppDelegate.swift */ = {isa = PBXFileReference; lastKnownFileType = sourcecode.swift; path = AppDelegate.swift; sourceTree = "<group>"; };
		3FC1BD9921C5302B0001441B /* ViewController.swift */ = {isa = PBXFileReference; lastKnownFileType = sourcecode.swift; path = ViewController.swift; sourceTree = "<group>"; };
		3FC1BD9E21C5302C0001441B /* Assets.xcassets */ = {isa = PBXFileReference; lastKnownFileType = folder.assetcatalog; path = Assets.xcassets; sourceTree = "<group>"; };
		3FC1BDA121C5302C0001441B /* Base */ = {isa = PBXFileReference; lastKnownFileType = file.storyboard; name = Base; path = Base.lproj/LaunchScreen.storyboard; sourceTree = "<group>"; };
		3FC1BDA321C5302C0001441B /* Info.plist */ = {isa = PBXFileReference; lastKnownFileType = text.plist.xml; path = Info.plist; sourceTree = "<group>"; };
		3FC1BDAA21C533FC0001441B /* Base */ = {isa = PBXFileReference; lastKnownFileType = file.storyboard; name = Base; path = "../../../../Downloads/未命名文件夹/SeventhWork/SeventhWork/Base.lproj/Main.storyboard"; sourceTree = "<group>"; };
/* End PBXFileReference section */

/* Begin PBXFrameworksBuildPhase section */
		3FC1BD9121C5302B0001441B /* Frameworks */ = {
			isa = PBXFrameworksBuildPhase;
			buildActionMask = 2147483647;
			files = (
			);
			runOnlyForDeploymentPostprocessing = 0;
		};
/* End PBXFrameworksBuildPhase section */

/* Begin PBXGroup section */
		3FC1BD8B21C5302B0001441B = {
			isa = PBXGroup;
			children = (
				3FC1BD9621C5302B0001441B /* task6-2 */,
				3FC1BD9521C5302B0001441B /* Products */,
			);
			sourceTree = "<group>";
		};
		3FC1BD9521C5302B0001441B /* Products */ = {
			isa = PBXGroup;
			children = (
				3FC1BD9421C5302B0001441B /* task6-2.app */,
			);
			name = Products;
			sourceTree = "<group>";
		};
		3FC1BD9621C5302B0001441B /* task6-2 */ = {
			isa = PBXGroup;
			children = (
				3FC1BD9721C5302B0001441B /* AppDelegate.swift */,
				3FC1BD9921C5302B0001441B /* ViewController.swift */,
				3FC1BDA921C533FC0001441B /* Main.storyboard */,
				3FC1BD9E21C5302C0001441B /* Assets.xcassets */,
				3FC1BDA021C5302C0001441B /* LaunchScreen.storyboard */,
				3FC1BDA321C5302C0001441B /* Info.plist */,
			);
			path = "task6-2";
			sourceTree = "<group>";
		};
/* End PBXGroup section */

/* Begin PBXNativeTarget section */
		3FC1BD9321C5302B0001441B /* task6-2 */ = {
			isa = PBXNativeTarget;
			buildConfigurationList = 3FC1BDA621C5302C0001441B /* Build configuration list for PBXNativeTarget "task6-2" */;
			buildPhases = (
				3FC1BD9021C5302B0001441B /* Sources */,
				3FC1BD9121C5302B0001441B /* Frameworks */,
				3FC1BD9221C5302B0001441B /* Resources */,
			);
			buildRules = (
			);
			dependencies = (
			);
			name = "task6-2";
			productName = "task6-2";
			productReference = 3FC1BD9421C5302B0001441B /* task6-2.app */;
			productType = "com.apple.product-type.application";
		};
/* End PBXNativeTarget section */

/* Begin PBXProject section */
		3FC1BD8C21C5302B0001441B /* Project object */ = {
			isa = PBXProject;
			attributes = {
				LastSwiftUpdateCheck = 1000;
				LastUpgradeCheck = 1000;
				ORGANIZATIONNAME = mmy;
				TargetAttributes = {
					3FC1BD9321C5302B0001441B = {
						CreatedOnToolsVersion = 10.0;
					};
				};
			};
			buildConfigurationList = 3FC1BD8F21C5302B0001441B /* Build configuration list for PBXProject "task6-2" */;
			compatibilityVersion = "Xcode 9.3";
			developmentRegion = en;
			hasScannedForEncodings = 0;
			knownRegions = (
				en,
				Base,
			);
			mainGroup = 3FC1BD8B21C5302B0001441B;
			productRefGroup = 3FC1BD9521C5302B0001441B /* Products */;
			projectDirPath = "";
			projectRoot = "";
			targets = (
				3FC1BD9321C5302B0001441B /* task6-2 */,
			);
		};
/* End PBXProject section */

/* Begin PBXResourcesBuildPhase section */
		3FC1BD9221C5302B0001441B /* Resources */ = {
			isa = PBXResourcesBuildPhase;
			buildActionMask = 2147483647;
			files = (
				3FC1BDAB21C533FC0001441B /* Main.storyboard in Resources */,
				3FC1BDA221C5302C0001441B /* LaunchScreen.storyboard in Resources */,
				3FC1BD9F21C5302C0001441B /* Assets.xcassets in Resources */,
			);
			runOnlyForDeploymentPostprocessing = 0;
		};
/* End PBXResourcesBuildPhase section */

/* Begin PBXSourcesBuildPhase section */
		3FC1BD9021C5302B0001441B /* Sources */ = {
			isa = PBXSourcesBuildPhase;
			buildActionMask = 2147483647;
			files = (
				3FC1BD9A21C5302B0001441B /* ViewController.swift in Sources */,
				3FC1BD9821C5302B0001441B /* AppDelegate.swift in Sources */,
			);
			runOnlyForDeploymentPostprocessing = 0;
		};
/* End PBXSourcesBuildPhase section */

/* Begin PBXVariantGroup section */
		3FC1BDA021C5302C0001441B /* LaunchScreen.storyboard */ = {
			isa = PBXVariantGroup;
			children = (
				3FC1BDA121C5302C0001441B /* Base */,
			);
			name = LaunchScreen.storyboard;
			sourceTree = "<group>";
		};
		3FC1BDA921C533FC0001441B /* Main.storyboard */ = {
			isa = PBXVariantGroup;
			children = (
				3FC1BDAA21C533FC0001441B /* Base */,
			);
			name = Main.storyboard;
			sourceTree = "<group>";
		};
/* End PBXVariantGroup section */

/* Begin XCBuildConfiguration section */
		3FC1BDA421C5302C0001441B /* Debug */ = {
			isa = XCBuildConfiguration;
			buildSettings = {
				ALWAYS_SEARCH_USER_PATHS = NO;
				CLANG_ANALYZER_NONNULL = YES;
				CLANG_ANALYZER_NUMBER_OBJECT_CONVERSION = YES_AGGRESSIVE;
				CLANG_CXX_LANGUAGE_STANDARD = "gnu++14";
				CLANG_CXX_LIBRARY = "libc++";
				CLANG_ENABLE_MODULES = YES;
				CLANG_ENABLE_OBJC_ARC = YES;
				CLANG_ENABLE_OBJC_WEAK = YES;
				CLANG_WARN_BLOCK_CAPTURE_AUTORELEASING = YES;
				CLANG_WARN_BOOL_CONVERSION = YES;
				CLANG_WARN_COMMA = YES;
				CLANG_WARN_CONSTANT_CONVERSION = YES;
				CLANG_WARN_DEPRECATED_OBJC_IMPLEMENTATIONS = YES;
				CLANG_WARN_DIRECT_OBJC_ISA_USAGE = YES_ERROR;
				CLANG_WARN_DOCUMENTATION_COMMENTS = YES;
				CLANG_WARN_EMPTY_BODY = YES;
				CLANG_WARN_ENUM_CONVERSION = YES;
				CLANG_WARN_INFINITE_RECURSION = YES;
				CLANG_WARN_INT_CONVERSION = YES;
				CLANG_WARN_NON_LITERAL_NULL_CONVERSION = YES;
				CLANG_WARN_OBJC_IMPLICIT_RETAIN_SELF = YES;
				CLANG_WARN_OBJC_LITERAL_CONVERSION = YES;
				CLANG_WARN_OBJC_ROOT_CLASS = YES_ERROR;
				CLANG_WARN_RANGE_LOOP_ANALYSIS = YES;
				CLANG_WARN_STRICT_PROTOTYPES = YES;
				CLANG_WARN_SUSPICIOUS_MOVE = YES;
				CLANG_WARN_UNGUARDED_AVAILABILITY = YES_AGGRESSIVE;
				CLANG_WARN_UNREACHABLE_CODE = YES;
				CLANG_WARN__DUPLICATE_METHOD_MATCH = YES;
				CODE_SIGN_IDENTITY = "iPhone Developer";
				COPY_PHASE_STRIP = NO;
				DEBUG_INFORMATION_FORMAT = dwarf;
				ENABLE_STRICT_OBJC_MSGSEND = YES;
				ENABLE_TESTABILITY = YES;
				GCC_C_LANGUAGE_STANDARD = gnu11;
				GCC_DYNAMIC_NO_PIC = NO;
				GCC_NO_COMMON_BLOCKS = YES;
				GCC_OPTIMIZATION_LEVEL = 0;
				GCC_PREPROCESSOR_DEFINITIONS = (
					"DEBUG=1",
					"$(inherited)",
				);
				GCC_WARN_64_TO_32_BIT_CONVERSION = YES;
				GCC_WARN_ABOUT_RETURN_TYPE = YES_ERROR;
				GCC_WARN_UNDECLARED_SELECTOR = YES;
				GCC_WARN_UNINITIALIZED_AUTOS = YES_AGGRESSIVE;
				GCC_WARN_UNUSED_FUNCTION = YES;
				GCC_WARN_UNUSED_VARIABLE = YES;
				IPHONEOS_DEPLOYMENT_TARGET = 12.0;
				MTL_ENABLE_DEBUG_INFO = INCLUDE_SOURCE;
				MTL_FAST_MATH = YES;
				ONLY_ACTIVE_ARCH = YES;
				SDKROOT = iphoneos;
				SWIFT_ACTIVE_COMPILATION_CONDITIONS = DEBUG;
				SWIFT_OPTIMIZATION_LEVEL = "-Onone";
			};
			name = Debug;
		};
		3FC1BDA521C5302C0001441B /* Release */ = {
			isa = XCBuildConfiguration;
			buildSettings = {
				ALWAYS_SEARCH_USER_PATHS = NO;
				CLANG_ANALYZER_NONNULL = YES;
				CLANG_ANALYZER_NUMBER_OBJECT_CONVERSION = YES_AGGRESSIVE;
				CLANG_CXX_LANGUAGE_STANDARD = "gnu++14";
				CLANG_CXX_LIBRARY = "libc++";
				CLANG_ENABLE_MODULES = YES;
				CLANG_ENABLE_OBJC_ARC = YES;
				CLANG_ENABLE_OBJC_WEAK = YES;
				CLANG_WARN_BLOCK_CAPTURE_AUTORELEASING = YES;
				CLANG_WARN_BOOL_CONVERSION = YES;
				CLANG_WARN_COMMA = YES;
				CLANG_WARN_CONSTANT_CONVERSION = YES;
				CLANG_WARN_DEPRECATED_OBJC_IMPLEMENTATIONS = YES;
				CLANG_WARN_DIRECT_OBJC_ISA_USAGE = YES_ERROR;
				CLANG_WARN_DOCUMENTATION_COMMENTS = YES;
				CLANG_WARN_EMPTY_BODY = YES;
				CLANG_WARN_ENUM_CONVERSION = YES;
				CLANG_WARN_INFINITE_RECURSION = YES;
				CLANG_WARN_INT_CONVERSION = YES;
				CLANG_WARN_NON_LITERAL_NULL_CONVERSION = YES;
				CLANG_WARN_OBJC_IMPLICIT_RETAIN_SELF = YES;
				CLANG_WARN_OBJC_LITERAL_CONVERSION = YES;
				CLANG_WARN_OBJC_ROOT_CLASS = YES_ERROR;
				CLANG_WARN_RANGE_LOOP_ANALYSIS = YES;
				CLANG_WARN_STRICT_PROTOTYPES = YES;
				CLANG_WARN_SUSPICIOUS_MOVE = YES;
				CLANG_WARN_UNGUARDED_AVAILABILITY = YES_AGGRESSIVE;
				CLANG_WARN_UNREACHABLE_CODE = YES;
				CLANG_WARN__DUPLICATE_METHOD_MATCH = YES;
				CODE_SIGN_IDENTITY = "iPhone Developer";
				COPY_PHASE_STRIP = NO;
				DEBUG_INFORMATION_FORMAT = "dwarf-with-dsym";
				ENABLE_NS_ASSERTIONS = NO;
				ENABLE_STRICT_OBJC_MSGSEND = YES;
				GCC_C_LANGUAGE_STANDARD = gnu11;
				GCC_NO_COMMON_BLOCKS = YES;
				GCC_WARN_64_TO_32_BIT_CONVERSION = YES;
				GCC_WARN_ABOUT_RETURN_TYPE = YES_ERROR;
				GCC_WARN_UNDECLARED_SELECTOR = YES;
				GCC_WARN_UNINITIALIZED_AUTOS = YES_AGGRESSIVE;
				GCC_WARN_UNUSED_FUNCTION = YES;
				GCC_WARN_UNUSED_VARIABLE = YES;
				IPHONEOS_DEPLOYMENT_TARGET = 12.0;
				MTL_ENABLE_DEBUG_INFO = NO;
				MTL_FAST_MATH = YES;
				SDKROOT = iphoneos;
				SWIFT_COMPILATION_MODE = wholemodule;
				SWIFT_OPTIMIZATION_LEVEL = "-O";
				VALIDATE_PRODUCT = YES;
			};
			name = Release;
		};
		3FC1BDA721C5302C0001441B /* Debug */ = {
			isa = XCBuildConfiguration;
			buildSettings = {
				ASSETCATALOG_COMPILER_APPICON_NAME = AppIcon;
				CODE_SIGN_STYLE = Automatic;
				INFOPLIST_FILE = "task6-2/Info.plist";
				LD_RUNPATH_SEARCH_PATHS = (
					"$(inherited)",
					"@executable_path/Frameworks",
				);
				PRODUCT_BUNDLE_IDENTIFIER = "-016110337.task6-2";
				PRODUCT_NAME = "$(TARGET_NAME)";
				SWIFT_VERSION = 4.2;
				TARGETED_DEVICE_FAMILY = "1,2";
			};
			name = Debug;
		};
		3FC1BDA821C5302C0001441B /* Release */ = {
			isa = XCBuildConfiguration;
			buildSettings = {
				ASSETCATALOG_COMPILER_APPICON_NAME = AppIcon;
				CODE_SIGN_STYLE = Automatic;
				INFOPLIST_FILE = "task6-2/Info.plist";
				LD_RUNPATH_SEARCH_PATHS = (
					"$(inherited)",
					"@executable_path/Frameworks",
				);
				PRODUCT_BUNDLE_IDENTIFIER = "-016110337.task6-2";
				PRODUCT_NAME = "$(TARGET_NAME)";
				SWIFT_VERSION = 4.2;
				TARGETED_DEVICE_FAMILY = "1,2";
			};
			name = Release;
		};
/* End XCBuildConfiguration section */

/* Begin XCConfigurationList section */
		3FC1BD8F21C5302B0001441B /* Build configuration list for PBXProject "task6-2" */ = {
			isa = XCConfigurationList;
			buildConfigurations = (
				3FC1BDA421C5302C0001441B /* Debug */,
				3FC1BDA521C5302C0001441B /* Release */,
			);
			defaultConfigurationIsVisible = 0;
			defaultConfigurationName = Release;
		};
		3FC1BDA621C5302C0001441B /* Build configuration list for PBXNativeTarget "task6-2" */ = {
			isa = XCConfigurationList;
			buildConfigurations = (
				3FC1BDA721C5302C0001441B /* Debug */,
				3FC1BDA821C5302C0001441B /* Release */,
			);
			defaultConfigurationIsVisible = 0;
			defaultConfigurationName = Release;
		};
/* End XCConfigurationList section */
	};
	rootObject = 3FC1BD8C21C5302B0001441B /* Project object */;
}
